// !$*UTF8*$!
{
	archiveVersion = 1;
	classes = {
	};
	objectVersion = 56;
	objects = {

/* Begin PBXBuildFile section */
		688B0D2F2A341E7200D5F68E /* GGPOApp.swift in Sources */ = {isa = PBXBuildFile; fileRef = 688B0D2E2A341E7200D5F68E /* GGPOApp.swift */; };
		688B0D312A341E7200D5F68E /* ContentView.swift in Sources */ = {isa = PBXBuildFile; fileRef = 688B0D302A341E7200D5F68E /* ContentView.swift */; };
		688B0D332A341E7300D5F68E /* Assets.xcassets in Resources */ = {isa = PBXBuildFile; fileRef = 688B0D322A341E7300D5F68E /* Assets.xcassets */; };
		688B0D362A341E7300D5F68E /* Preview Assets.xcassets in Resources */ = {isa = PBXBuildFile; fileRef = 688B0D352A341E7300D5F68E /* Preview Assets.xcassets */; };
		688B0D382A341E7300D5F68E /* Item.swift in Sources */ = {isa = PBXBuildFile; fileRef = 688B0D372A341E7300D5F68E /* Item.swift */; };
		688B0D452A341E9D00D5F68E /* WidgetKit.framework in Frameworks */ = {isa = PBXBuildFile; fileRef = 688B0D442A341E9D00D5F68E /* WidgetKit.framework */; };
		688B0D472A341E9D00D5F68E /* SwiftUI.framework in Frameworks */ = {isa = PBXBuildFile; fileRef = 688B0D462A341E9D00D5F68E /* SwiftUI.framework */; };
		688B0D542A341E9E00D5F68E /* widgetExtension.appex in Embed Foundation Extensions */ = {isa = PBXBuildFile; fileRef = 688B0D422A341E9D00D5F68E /* widgetExtension.appex */; settings = {ATTRIBUTES = (RemoveHeadersOnCopy, ); }; };
		688B0D5E2A341EC000D5F68E /* WidgetKit.framework in Frameworks */ = {isa = PBXBuildFile; fileRef = 688B0D442A341E9D00D5F68E /* WidgetKit.framework */; };
		688B0D5F2A341EC000D5F68E /* SwiftUI.framework in Frameworks */ = {isa = PBXBuildFile; fileRef = 688B0D462A341E9D00D5F68E /* SwiftUI.framework */; };
		688B0D622A341EC000D5F68E /* WidgetBundle.swift in Sources */ = {isa = PBXBuildFile; fileRef = 688B0D612A341EC000D5F68E /* WidgetBundle.swift */; };
		688B0D642A341EC000D5F68E /* WidgetLiveActivity.swift in Sources */ = {isa = PBXBuildFile; fileRef = 688B0D632A341EC000D5F68E /* WidgetLiveActivity.swift */; };
		688B0D662A341EC000D5F68E /* Widget.swift in Sources */ = {isa = PBXBuildFile; fileRef = 688B0D652A341EC000D5F68E /* Widget.swift */; };
		688B0D682A341EC100D5F68E /* Assets.xcassets in Resources */ = {isa = PBXBuildFile; fileRef = 688B0D672A341EC100D5F68E /* Assets.xcassets */; };
		688B0D6C2A341EC100D5F68E /* WidgetExtension.appex in Embed Foundation Extensions */ = {isa = PBXBuildFile; fileRef = 688B0D5D2A341EC000D5F68E /* WidgetExtension.appex */; settings = {ATTRIBUTES = (RemoveHeadersOnCopy, ); }; };
/* End PBXBuildFile section */

/* Begin PBXContainerItemProxy section */
		688B0D522A341E9E00D5F68E /* PBXContainerItemProxy */ = {
			isa = PBXContainerItemProxy;
			containerPortal = 688B0D232A341E7200D5F68E /* Project object */;
			proxyType = 1;
			remoteGlobalIDString = 688B0D412A341E9D00D5F68E;
			remoteInfo = widgetExtension;
		};
		688B0D6A2A341EC100D5F68E /* PBXContainerItemProxy */ = {
			isa = PBXContainerItemProxy;
			containerPortal = 688B0D232A341E7200D5F68E /* Project object */;
			proxyType = 1;
			remoteGlobalIDString = 688B0D5C2A341EC000D5F68E;
			remoteInfo = WidgetExtension;
		};
/* End PBXContainerItemProxy section */

/* Begin PBXCopyFilesBuildPhase section */
		688B0D582A341E9E00D5F68E /* Embed Foundation Extensions */ = {
			isa = PBXCopyFilesBuildPhase;
			buildActionMask = 2147483647;
			dstPath = "";
			dstSubfolderSpec = 13;
			files = (
				688B0D6C2A341EC100D5F68E /* WidgetExtension.appex in Embed Foundation Extensions */,
				688B0D542A341E9E00D5F68E /* widgetExtension.appex in Embed Foundation Extensions */,
			);
			name = "Embed Foundation Extensions";
			runOnlyForDeploymentPostprocessing = 0;
		};
/* End PBXCopyFilesBuildPhase section */

/* Begin PBXFileReference section */
		688B0D2B2A341E7200D5F68E /* GGPO.app */ = {isa = PBXFileReference; explicitFileType = wrapper.application; includeInIndex = 0; path = GGPO.app; sourceTree = BUILT_PRODUCTS_DIR; };
		688B0D2E2A341E7200D5F68E /* GGPOApp.swift */ = {isa = PBXFileReference; lastKnownFileType = sourcecode.swift; path = GGPOApp.swift; sourceTree = "<group>"; };
		688B0D302A341E7200D5F68E /* ContentView.swift */ = {isa = PBXFileReference; lastKnownFileType = sourcecode.swift; path = ContentView.swift; sourceTree = "<group>"; };
		688B0D322A341E7300D5F68E /* Assets.xcassets */ = {isa = PBXFileReference; lastKnownFileType = folder.assetcatalog; path = Assets.xcassets; sourceTree = "<group>"; };
		688B0D352A341E7300D5F68E /* Preview Assets.xcassets */ = {isa = PBXFileReference; lastKnownFileType = folder.assetcatalog; path = "Preview Assets.xcassets"; sourceTree = "<group>"; };
		688B0D372A341E7300D5F68E /* Item.swift */ = {isa = PBXFileReference; lastKnownFileType = sourcecode.swift; path = Item.swift; sourceTree = "<group>"; };
		688B0D422A341E9D00D5F68E /* widgetExtension.appex */ = {isa = PBXFileReference; explicitFileType = "wrapper.app-extension"; includeInIndex = 0; path = widgetExtension.appex; sourceTree = BUILT_PRODUCTS_DIR; };
		688B0D442A341E9D00D5F68E /* WidgetKit.framework */ = {isa = PBXFileReference; lastKnownFileType = wrapper.framework; name = WidgetKit.framework; path = System/Library/Frameworks/WidgetKit.framework; sourceTree = SDKROOT; };
		688B0D462A341E9D00D5F68E /* SwiftUI.framework */ = {isa = PBXFileReference; lastKnownFileType = wrapper.framework; name = SwiftUI.framework; path = System/Library/Frameworks/SwiftUI.framework; sourceTree = SDKROOT; };
		688B0D5D2A341EC000D5F68E /* WidgetExtension.appex */ = {isa = PBXFileReference; explicitFileType = "wrapper.app-extension"; includeInIndex = 0; path = WidgetExtension.appex; sourceTree = BUILT_PRODUCTS_DIR; };
		688B0D612A341EC000D5F68E /* WidgetBundle.swift */ = {isa = PBXFileReference; lastKnownFileType = sourcecode.swift; path = WidgetBundle.swift; sourceTree = "<group>"; };
		688B0D632A341EC000D5F68E /* WidgetLiveActivity.swift */ = {isa = PBXFileReference; lastKnownFileType = sourcecode.swift; path = WidgetLiveActivity.swift; sourceTree = "<group>"; };
		688B0D652A341EC000D5F68E /* Widget.swift */ = {isa = PBXFileReference; lastKnownFileType = sourcecode.swift; path = Widget.swift; sourceTree = "<group>"; };
		688B0D672A341EC100D5F68E /* Assets.xcassets */ = {isa = PBXFileReference; lastKnownFileType = folder.assetcatalog; path = Assets.xcassets; sourceTree = "<group>"; };
		688B0D692A341EC100D5F68E /* Info.plist */ = {isa = PBXFileReference; lastKnownFileType = text.plist.xml; path = Info.plist; sourceTree = "<group>"; };
/* End PBXFileReference section */

/* Begin PBXFrameworksBuildPhase section */
		688B0D282A341E7200D5F68E /* Frameworks */ = {
			isa = PBXFrameworksBuildPhase;
			buildActionMask = 2147483647;
			files = (
			);
			runOnlyForDeploymentPostprocessing = 0;
		};
		688B0D3F2A341E9D00D5F68E /* Frameworks */ = {
			isa = PBXFrameworksBuildPhase;
			buildActionMask = 2147483647;
			files = (
				688B0D472A341E9D00D5F68E /* SwiftUI.framework in Frameworks */,
				688B0D452A341E9D00D5F68E /* WidgetKit.framework in Frameworks */,
			);
			runOnlyForDeploymentPostprocessing = 0;
		};
		688B0D5A2A341EC000D5F68E /* Frameworks */ = {
			isa = PBXFrameworksBuildPhase;
			buildActionMask = 2147483647;
			files = (
				688B0D5F2A341EC000D5F68E /* SwiftUI.framework in Frameworks */,
				688B0D5E2A341EC000D5F68E /* WidgetKit.framework in Frameworks */,
			);
			runOnlyForDeploymentPostprocessing = 0;
		};
/* End PBXFrameworksBuildPhase section */

/* Begin PBXGroup section */
		688B0D222A341E7200D5F68E = {
			isa = PBXGroup;
			children = (
				688B0D2D2A341E7200D5F68E /* GGPO */,
				688B0D602A341EC000D5F68E /* Widget */,
				688B0D432A341E9D00D5F68E /* Frameworks */,
				688B0D2C2A341E7200D5F68E /* Products */,
			);
			sourceTree = "<group>";
		};
		688B0D2C2A341E7200D5F68E /* Products */ = {
			isa = PBXGroup;
			children = (
				688B0D2B2A341E7200D5F68E /* GGPO.app */,
				688B0D422A341E9D00D5F68E /* widgetExtension.appex */,
				688B0D5D2A341EC000D5F68E /* WidgetExtension.appex */,
			);
			name = Products;
			sourceTree = "<group>";
		};
		688B0D2D2A341E7200D5F68E /* GGPO */ = {
			isa = PBXGroup;
			children = (
				688B0D2E2A341E7200D5F68E /* GGPOApp.swift */,
				688B0D302A341E7200D5F68E /* ContentView.swift */,
				688B0D322A341E7300D5F68E /* Assets.xcassets */,
				688B0D372A341E7300D5F68E /* Item.swift */,
				688B0D342A341E7300D5F68E /* Preview Content */,
			);
			path = GGPO;
			sourceTree = "<group>";
		};
		688B0D342A341E7300D5F68E /* Preview Content */ = {
			isa = PBXGroup;
			children = (
				688B0D352A341E7300D5F68E /* Preview Assets.xcassets */,
			);
			path = "Preview Content";
			sourceTree = "<group>";
		};
		688B0D432A341E9D00D5F68E /* Frameworks */ = {
			isa = PBXGroup;
			children = (
				688B0D442A341E9D00D5F68E /* WidgetKit.framework */,
				688B0D462A341E9D00D5F68E /* SwiftUI.framework */,
			);
			name = Frameworks;
			sourceTree = "<group>";
		};
		688B0D602A341EC000D5F68E /* Widget */ = {
			isa = PBXGroup;
			children = (
				688B0D612A341EC000D5F68E /* WidgetBundle.swift */,
				688B0D632A341EC000D5F68E /* WidgetLiveActivity.swift */,
				688B0D652A341EC000D5F68E /* Widget.swift */,
				688B0D672A341EC100D5F68E /* Assets.xcassets */,
				688B0D692A341EC100D5F68E /* Info.plist */,
			);
			path = Widget;
			sourceTree = "<group>";
		};
/* End PBXGroup section */

/* Begin PBXNativeTarget section */
		688B0D2A2A341E7200D5F68E /* GGPO */ = {
			isa = PBXNativeTarget;
			buildConfigurationList = 688B0D3B2A341E7300D5F68E /* Build configuration list for PBXNativeTarget "GGPO" */;
			buildPhases = (
				688B0D272A341E7200D5F68E /* Sources */,
				688B0D282A341E7200D5F68E /* Frameworks */,
				688B0D292A341E7200D5F68E /* Resources */,
				688B0D582A341E9E00D5F68E /* Embed Foundation Extensions */,
			);
			buildRules = (
			);
			dependencies = (
				688B0D532A341E9E00D5F68E /* PBXTargetDependency */,
				688B0D6B2A341EC100D5F68E /* PBXTargetDependency */,
			);
			name = GGPO;
			productName = GGPO;
			productReference = 688B0D2B2A341E7200D5F68E /* GGPO.app */;
			productType = "com.apple.product-type.application";
		};
		688B0D412A341E9D00D5F68E /* widgetExtension */ = {
			isa = PBXNativeTarget;
			buildConfigurationList = 688B0D552A341E9E00D5F68E /* Build configuration list for PBXNativeTarget "widgetExtension" */;
			buildPhases = (
				688B0D3E2A341E9D00D5F68E /* Sources */,
				688B0D3F2A341E9D00D5F68E /* Frameworks */,
				688B0D402A341E9D00D5F68E /* Resources */,
			);
			buildRules = (
			);
			dependencies = (
			);
			name = widgetExtension;
			productName = widgetExtension;
			productReference = 688B0D422A341E9D00D5F68E /* widgetExtension.appex */;
			productType = "com.apple.product-type.app-extension";
		};
		688B0D5C2A341EC000D5F68E /* WidgetExtension */ = {
			isa = PBXNativeTarget;
			buildConfigurationList = 688B0D6D2A341EC100D5F68E /* Build configuration list for PBXNativeTarget "WidgetExtension" */;
			buildPhases = (
				688B0D592A341EC000D5F68E /* Sources */,
				688B0D5A2A341EC000D5F68E /* Frameworks */,
				688B0D5B2A341EC000D5F68E /* Resources */,
			);
			buildRules = (
			);
			dependencies = (
			);
			name = WidgetExtension;
			productName = WidgetExtension;
			productReference = 688B0D5D2A341EC000D5F68E /* WidgetExtension.appex */;
			productType = "com.apple.product-type.app-extension";
		};
/* End PBXNativeTarget section */

/* Begin PBXProject section */
		688B0D232A341E7200D5F68E /* Project object */ = {
			isa = PBXProject;
			attributes = {
				BuildIndependentTargetsInParallel = 1;
				LastSwiftUpdateCheck = 1500;
				LastUpgradeCheck = 1500;
				TargetAttributes = {
					688B0D2A2A341E7200D5F68E = {
						CreatedOnToolsVersion = 15.0;
					};
					688B0D412A341E9D00D5F68E = {
						CreatedOnToolsVersion = 15.0;
					};
					688B0D5C2A341EC000D5F68E = {
						CreatedOnToolsVersion = 15.0;
					};
				};
			};
			buildConfigurationList = 688B0D262A341E7200D5F68E /* Build configuration list for PBXProject "GGPO" */;
			compatibilityVersion = "Xcode 14.0";
			developmentRegion = en;
			hasScannedForEncodings = 0;
			knownRegions = (
				en,
				Base,
			);
			mainGroup = 688B0D222A341E7200D5F68E;
			productRefGroup = 688B0D2C2A341E7200D5F68E /* Products */;
			projectDirPath = "";
			projectRoot = "";
			targets = (
				688B0D2A2A341E7200D5F68E /* GGPO */,
				688B0D412A341E9D00D5F68E /* widgetExtension */,
				688B0D5C2A341EC000D5F68E /* WidgetExtension */,
			);
		};
/* End PBXProject section */

/* Begin PBXResourcesBuildPhase section */
		688B0D292A341E7200D5F68E /* Resources */ = {
			isa = PBXResourcesBuildPhase;
			buildActionMask = 2147483647;
			files = (
				688B0D362A341E7300D5F68E /* Preview Assets.xcassets in Resources */,
				688B0D332A341E7300D5F68E /* Assets.xcassets in Resources */,
			);
			runOnlyForDeploymentPostprocessing = 0;
		};
		688B0D402A341E9D00D5F68E /* Resources */ = {
			isa = PBXResourcesBuildPhase;
			buildActionMask = 2147483647;
			files = (
			);
			runOnlyForDeploymentPostprocessing = 0;
		};
		688B0D5B2A341EC000D5F68E /* Resources */ = {
			isa = PBXResourcesBuildPhase;
			buildActionMask = 2147483647;
			files = (
				688B0D682A341EC100D5F68E /* Assets.xcassets in Resources */,
			);
			runOnlyForDeploymentPostprocessing = 0;
		};
/* End PBXResourcesBuildPhase section */

/* Begin PBXSourcesBuildPhase section */
		688B0D272A341E7200D5F68E /* Sources */ = {
			isa = PBXSourcesBuildPhase;
			buildActionMask = 2147483647;
			files = (
				688B0D312A341E7200D5F68E /* ContentView.swift in Sources */,
				688B0D382A341E7300D5F68E /* Item.swift in Sources */,
				688B0D2F2A341E7200D5F68E /* GGPOApp.swift in Sources */,
			);
			runOnlyForDeploymentPostprocessing = 0;
		};
		688B0D3E2A341E9D00D5F68E /* Sources */ = {
			isa = PBXSourcesBuildPhase;
			buildActionMask = 2147483647;
			files = (
			);
			runOnlyForDeploymentPostprocessing = 0;
		};
		688B0D592A341EC000D5F68E /* Sources */ = {
			isa = PBXSourcesBuildPhase;
			buildActionMask = 2147483647;
			files = (
				688B0D642A341EC000D5F68E /* WidgetLiveActivity.swift in Sources */,
				688B0D622A341EC000D5F68E /* WidgetBundle.swift in Sources */,
				688B0D662A341EC000D5F68E /* Widget.swift in Sources */,
			);
			runOnlyForDeploymentPostprocessing = 0;
		};
/* End PBXSourcesBuildPhase section */

/* Begin PBXTargetDependency section */
		688B0D532A341E9E00D5F68E /* PBXTargetDependency */ = {
			isa = PBXTargetDependency;
			target = 688B0D412A341E9D00D5F68E /* widgetExtension */;
			targetProxy = 688B0D522A341E9E00D5F68E /* PBXContainerItemProxy */;
		};
		688B0D6B2A341EC100D5F68E /* PBXTargetDependency */ = {
			isa = PBXTargetDependency;
			target = 688B0D5C2A341EC000D5F68E /* WidgetExtension */;
			targetProxy = 688B0D6A2A341EC100D5F68E /* PBXContainerItemProxy */;
		};
/* End PBXTargetDependency section */

/* Begin XCBuildConfiguration section */
		688B0D392A341E7300D5F68E /* Debug */ = {
			isa = XCBuildConfiguration;
			buildSettings = {
				ALWAYS_SEARCH_USER_PATHS = NO;
				ASSETCATALOG_COMPILER_GENERATE_SWIFT_ASSET_SYMBOL_EXTENSIONS = YES;
				CLANG_ANALYZER_NONNULL = YES;
				CLANG_ANALYZER_NUMBER_OBJECT_CONVERSION = YES_AGGRESSIVE;
				CLANG_CXX_LANGUAGE_STANDARD = "gnu++20";
				CLANG_ENABLE_MODULES = YES;
				CLANG_ENABLE_OBJC_ARC = YES;
				CLANG_ENABLE_OBJC_WEAK = YES;
				CLANG_WARN_BLOCK_CAPTURE_AUTORELEASING = YES;
				CLANG_WARN_BOOL_CONVERSION = YES;
				CLANG_WARN_COMMA = YES;
				CLANG_WARN_CONSTANT_CONVERSION = YES;
				CLANG_WARN_DEPRECATED_OBJC_IMPLEMENTATIONS = YES;
				CLANG_WARN_DIRECT_OBJC_ISA_USAGE = YES_ERROR;
				CLANG_WARN_DOCUMENTATION_COMMENTS = YES;
				CLANG_WARN_EMPTY_BODY = YES;
				CLANG_WARN_ENUM_CONVERSION = YES;
				CLANG_WARN_INFINITE_RECURSION = YES;
				CLANG_WARN_INT_CONVERSION = YES;
				CLANG_WARN_NON_LITERAL_NULL_CONVERSION = YES;
				CLANG_WARN_OBJC_IMPLICIT_RETAIN_SELF = YES;
				CLANG_WARN_OBJC_LITERAL_CONVERSION = YES;
				CLANG_WARN_OBJC_ROOT_CLASS = YES_ERROR;
				CLANG_WARN_QUOTED_INCLUDE_IN_FRAMEWORK_HEADER = YES;
				CLANG_WARN_RANGE_LOOP_ANALYSIS = YES;
				CLANG_WARN_STRICT_PROTOTYPES = YES;
				CLANG_WARN_SUSPICIOUS_MOVE = YES;
				CLANG_WARN_UNGUARDED_AVAILABILITY = YES_AGGRESSIVE;
				CLANG_WARN_UNREACHABLE_CODE = YES;
				CLANG_WARN__DUPLICATE_METHOD_MATCH = YES;
				COPY_PHASE_STRIP = NO;
				DEBUG_INFORMATION_FORMAT = dwarf;
				ENABLE_STRICT_OBJC_MSGSEND = YES;
				ENABLE_TESTABILITY = YES;
				ENABLE_USER_SCRIPT_SANDBOXING = YES;
				GCC_C_LANGUAGE_STANDARD = gnu17;
				GCC_DYNAMIC_NO_PIC = NO;
				GCC_NO_COMMON_BLOCKS = YES;
				GCC_OPTIMIZATION_LEVEL = 0;
				GCC_PREPROCESSOR_DEFINITIONS = (
					"DEBUG=1",
					"$(inherited)",
				);
				GCC_WARN_64_TO_32_BIT_CONVERSION = YES;
				GCC_WARN_ABOUT_RETURN_TYPE = YES_ERROR;
				GCC_WARN_UNDECLARED_SELECTOR = YES;
				GCC_WARN_UNINITIALIZED_AUTOS = YES_AGGRESSIVE;
				GCC_WARN_UNUSED_FUNCTION = YES;
				GCC_WARN_UNUSED_VARIABLE = YES;
				IPHONEOS_DEPLOYMENT_TARGET = 17.0;
				LOCALIZATION_PREFERS_STRING_CATALOGS = YES;
				MTL_ENABLE_DEBUG_INFO = INCLUDE_SOURCE;
				MTL_FAST_MATH = YES;
				ONLY_ACTIVE_ARCH = YES;
				SDKROOT = iphoneos;
				SWIFT_ACTIVE_COMPILATION_CONDITIONS = "DEBUG $(inherited)";
				SWIFT_OPTIMIZATION_LEVEL = "-Onone";
			};
			name = Debug;
		};
		688B0D3A2A341E7300D5F68E /* Release */ = {
			isa = XCBuildConfiguration;
			buildSettings = {
				ALWAYS_SEARCH_USER_PATHS = NO;
				ASSETCATALOG_COMPILER_GENERATE_SWIFT_ASSET_SYMBOL_EXTENSIONS = YES;
				CLANG_ANALYZER_NONNULL = YES;
				CLANG_ANALYZER_NUMBER_OBJECT_CONVERSION = YES_AGGRESSIVE;
				CLANG_CXX_LANGUAGE_STANDARD = "gnu++20";
				CLANG_ENABLE_MODULES = YES;
				CLANG_ENABLE_OBJC_ARC = YES;
				CLANG_ENABLE_OBJC_WEAK = YES;
				CLANG_WARN_BLOCK_CAPTURE_AUTORELEASING = YES;
				CLANG_WARN_BOOL_CONVERSION = YES;
				CLANG_WARN_COMMA = YES;
				CLANG_WARN_CONSTANT_CONVERSION = YES;
				CLANG_WARN_DEPRECATED_OBJC_IMPLEMENTATIONS = YES;
				CLANG_WARN_DIRECT_OBJC_ISA_USAGE = YES_ERROR;
				CLANG_WARN_DOCUMENTATION_COMMENTS = YES;
				CLANG_WARN_EMPTY_BODY = YES;
				CLANG_WARN_ENUM_CONVERSION = YES;
				CLANG_WARN_INFINITE_RECURSION = YES;
				CLANG_WARN_INT_CONVERSION = YES;
				CLANG_WARN_NON_LITERAL_NULL_CONVERSION = YES;
				CLANG_WARN_OBJC_IMPLICIT_RETAIN_SELF = YES;
				CLANG_WARN_OBJC_LITERAL_CONVERSION = YES;
				CLANG_WARN_OBJC_ROOT_CLASS = YES_ERROR;
				CLANG_WARN_QUOTED_INCLUDE_IN_FRAMEWORK_HEADER = YES;
				CLANG_WARN_RANGE_LOOP_ANALYSIS = YES;
				CLANG_WARN_STRICT_PROTOTYPES = YES;
				CLANG_WARN_SUSPICIOUS_MOVE = YES;
				CLANG_WARN_UNGUARDED_AVAILABILITY = YES_AGGRESSIVE;
				CLANG_WARN_UNREACHABLE_CODE = YES;
				CLANG_WARN__DUPLICATE_METHOD_MATCH = YES;
				COPY_PHASE_STRIP = NO;
				DEBUG_INFORMATION_FORMAT = "dwarf-with-dsym";
				ENABLE_NS_ASSERTIONS = NO;
				ENABLE_STRICT_OBJC_MSGSEND = YES;
				ENABLE_USER_SCRIPT_SANDBOXING = YES;
				GCC_C_LANGUAGE_STANDARD = gnu17;
				GCC_NO_COMMON_BLOCKS = YES;
				GCC_WARN_64_TO_32_BIT_CONVERSION = YES;
				GCC_WARN_ABOUT_RETURN_TYPE = YES_ERROR;
				GCC_WARN_UNDECLARED_SELECTOR = YES;
				GCC_WARN_UNINITIALIZED_AUTOS = YES_AGGRESSIVE;
				GCC_WARN_UNUSED_FUNCTION = YES;
				GCC_WARN_UNUSED_VARIABLE = YES;
				IPHONEOS_DEPLOYMENT_TARGET = 17.0;
				LOCALIZATION_PREFERS_STRING_CATALOGS = YES;
				MTL_ENABLE_DEBUG_INFO = NO;
				MTL_FAST_MATH = YES;
				SDKROOT = iphoneos;
				SWIFT_COMPILATION_MODE = wholemodule;
				VALIDATE_PRODUCT = YES;
			};
			name = Release;
		};
		688B0D3C2A341E7300D5F68E /* Debug */ = {
			isa = XCBuildConfiguration;
			buildSettings = {
				ALWAYS_EMBED_SWIFT_STANDARD_LIBRARIES = YES;
				ASSETCATALOG_COMPILER_APPICON_NAME = AppIcon;
				ASSETCATALOG_COMPILER_GLOBAL_ACCENT_COLOR_NAME = AccentColor;
				CODE_SIGN_STYLE = Automatic;
				CURRENT_PROJECT_VERSION = 1;
				DEVELOPMENT_ASSET_PATHS = "\"GGPO/Preview Content\"";
				ENABLE_PREVIEWS = YES;
				GENERATE_INFOPLIST_FILE = YES;
				INFOPLIST_KEY_UIApplicationSceneManifest_Generation = YES;
				INFOPLIST_KEY_UIApplicationSupportsIndirectInputEvents = YES;
				INFOPLIST_KEY_UILaunchScreen_Generation = YES;
				INFOPLIST_KEY_UISupportedInterfaceOrientations_iPad = "UIInterfaceOrientationPortrait UIInterfaceOrientationPortraitUpsideDown UIInterfaceOrientationLandscapeLeft UIInterfaceOrientationLandscapeRight";
				INFOPLIST_KEY_UISupportedInterfaceOrientations_iPhone = "UIInterfaceOrientationPortrait UIInterfaceOrientationLandscapeLeft UIInterfaceOrientationLandscapeRight";
				LD_RUNPATH_SEARCH_PATHS = (
					"$(inherited)",
					"@executable_path/Frameworks",
				);
				MARKETING_VERSION = 1.0;
				PRODUCT_BUNDLE_IDENTIFIER = "com.letusgo-hack.GGPO";
				PRODUCT_NAME = "$(TARGET_NAME)";
				SWIFT_EMIT_LOC_STRINGS = YES;
				SWIFT_VERSION = 5.0;
				TARGETED_DEVICE_FAMILY = "1,2";
			};
			name = Debug;
		};
		688B0D3D2A341E7300D5F68E /* Release */ = {
			isa = XCBuildConfiguration;
			buildSettings = {
				ALWAYS_EMBED_SWIFT_STANDARD_LIBRARIES = YES;
				ASSETCATALOG_COMPILER_APPICON_NAME = AppIcon;
				ASSETCATALOG_COMPILER_GLOBAL_ACCENT_COLOR_NAME = AccentColor;
				CODE_SIGN_STYLE = Automatic;
				CURRENT_PROJECT_VERSION = 1;
				DEVELOPMENT_ASSET_PATHS = "\"GGPO/Preview Content\"";
				ENABLE_PREVIEWS = YES;
				GENERATE_INFOPLIST_FILE = YES;
				INFOPLIST_KEY_UIApplicationSceneManifest_Generation = YES;
				INFOPLIST_KEY_UIApplicationSupportsIndirectInputEvents = YES;
				INFOPLIST_KEY_UILaunchScreen_Generation = YES;
				INFOPLIST_KEY_UISupportedInterfaceOrientations_iPad = "UIInterfaceOrientationPortrait UIInterfaceOrientationPortraitUpsideDown UIInterfaceOrientationLandscapeLeft UIInterfaceOrientationLandscapeRight";
				INFOPLIST_KEY_UISupportedInterfaceOrientations_iPhone = "UIInterfaceOrientationPortrait UIInterfaceOrientationLandscapeLeft UIInterfaceOrientationLandscapeRight";
				LD_RUNPATH_SEARCH_PATHS = (
					"$(inherited)",
					"@executable_path/Frameworks",
				);
				MARKETING_VERSION = 1.0;
				PRODUCT_BUNDLE_IDENTIFIER = "com.letusgo-hack.GGPO";
				PRODUCT_NAME = "$(TARGET_NAME)";
				SWIFT_EMIT_LOC_STRINGS = YES;
				SWIFT_VERSION = 5.0;
				TARGETED_DEVICE_FAMILY = "1,2";
			};
			name = Release;
		};
		688B0D562A341E9E00D5F68E /* Debug */ = {
			isa = XCBuildConfiguration;
			buildSettings = {
				ASSETCATALOG_COMPILER_GLOBAL_ACCENT_COLOR_NAME = AccentColor;
				ASSETCATALOG_COMPILER_WIDGET_BACKGROUND_COLOR_NAME = WidgetBackground;
				CODE_SIGN_STYLE = Automatic;
				CURRENT_PROJECT_VERSION = 1;
				GENERATE_INFOPLIST_FILE = YES;
				INFOPLIST_FILE = widget/Info.plist;
				INFOPLIST_KEY_CFBundleDisplayName = widget;
				INFOPLIST_KEY_NSHumanReadableCopyright = "";
				LD_RUNPATH_SEARCH_PATHS = (
					"$(inherited)",
					"@executable_path/Frameworks",
					"@executable_path/../../Frameworks",
				);
				MARKETING_VERSION = 1.0;
				PRODUCT_BUNDLE_IDENTIFIER = "com.letusgo-hack.GGPO.widget";
				PRODUCT_NAME = "$(TARGET_NAME)";
				SKIP_INSTALL = YES;
				SWIFT_EMIT_LOC_STRINGS = YES;
				SWIFT_VERSION = 5.0;
				TARGETED_DEVICE_FAMILY = "1,2";
			};
			name = Debug;
		};
		688B0D572A341E9E00D5F68E /* Release */ = {
			isa = XCBuildConfiguration;
			buildSettings = {
				ASSETCATALOG_COMPILER_GLOBAL_ACCENT_COLOR_NAME = AccentColor;
				ASSETCATALOG_COMPILER_WIDGET_BACKGROUND_COLOR_NAME = WidgetBackground;
				CODE_SIGN_STYLE = Automatic;
				CURRENT_PROJECT_VERSION = 1;
				GENERATE_INFOPLIST_FILE = YES;
				INFOPLIST_FILE = widget/Info.plist;
				INFOPLIST_KEY_CFBundleDisplayName = widget;
				INFOPLIST_KEY_NSHumanReadableCopyright = "";
				LD_RUNPATH_SEARCH_PATHS = (
					"$(inherited)",
					"@executable_path/Frameworks",
					"@executable_path/../../Frameworks",
				);
				MARKETING_VERSION = 1.0;
				PRODUCT_BUNDLE_IDENTIFIER = "com.letusgo-hack.GGPO.widget";
				PRODUCT_NAME = "$(TARGET_NAME)";
				SKIP_INSTALL = YES;
				SWIFT_EMIT_LOC_STRINGS = YES;
				SWIFT_VERSION = 5.0;
				TARGETED_DEVICE_FAMILY = "1,2";
			};
			name = Release;
		};
		688B0D6E2A341EC100D5F68E /* Debug */ = {
			isa = XCBuildConfiguration;
			buildSettings = {
				ASSETCATALOG_COMPILER_GLOBAL_ACCENT_COLOR_NAME = AccentColor;
				ASSETCATALOG_COMPILER_WIDGET_BACKGROUND_COLOR_NAME = WidgetBackground;
				CODE_SIGN_STYLE = Automatic;
				CURRENT_PROJECT_VERSION = 1;
				GENERATE_INFOPLIST_FILE = YES;
				INFOPLIST_FILE = Widget/Info.plist;
				INFOPLIST_KEY_CFBundleDisplayName = Widget;
				INFOPLIST_KEY_NSHumanReadableCopyright = "";
				LD_RUNPATH_SEARCH_PATHS = (
					"$(inherited)",
					"@executable_path/Frameworks",
					"@executable_path/../../Frameworks",
				);
				MARKETING_VERSION = 1.0;
				PRODUCT_BUNDLE_IDENTIFIER = "com.letusgo-hack.GGPO.Widget";
				PRODUCT_NAME = "$(TARGET_NAME)";
				SKIP_INSTALL = YES;
				SWIFT_EMIT_LOC_STRINGS = YES;
				SWIFT_VERSION = 5.0;
				TARGETED_DEVICE_FAMILY = "1,2";
			};
			name = Debug;
		};
		688B0D6F2A341EC100D5F68E /* Release */ = {
			isa = XCBuildConfiguration;
			buildSettings = {
				ASSETCATALOG_COMPILER_GLOBAL_ACCENT_COLOR_NAME = AccentColor;
				ASSETCATALOG_COMPILER_WIDGET_BACKGROUND_COLOR_NAME = WidgetBackground;
				CODE_SIGN_STYLE = Automatic;
				CURRENT_PROJECT_VERSION = 1;
				GENERATE_INFOPLIST_FILE = YES;
				INFOPLIST_FILE = Widget/Info.plist;
				INFOPLIST_KEY_CFBundleDisplayName = Widget;
				INFOPLIST_KEY_NSHumanReadableCopyright = "";
				LD_RUNPATH_SEARCH_PATHS = (
					"$(inherited)",
					"@executable_path/Frameworks",
					"@executable_path/../../Frameworks",
				);
				MARKETING_VERSION = 1.0;
				PRODUCT_BUNDLE_IDENTIFIER = "com.letusgo-hack.GGPO.Widget";
				PRODUCT_NAME = "$(TARGET_NAME)";
				SKIP_INSTALL = YES;
				SWIFT_EMIT_LOC_STRINGS = YES;
				SWIFT_VERSION = 5.0;
				TARGETED_DEVICE_FAMILY = "1,2";
			};
			name = Release;
		};
/* End XCBuildConfiguration section */

/* Begin XCConfigurationList section */
		688B0D262A341E7200D5F68E /* Build configuration list for PBXProject "GGPO" */ = {
			isa = XCConfigurationList;
			buildConfigurations = (
				688B0D392A341E7300D5F68E /* Debug */,
				688B0D3A2A341E7300D5F68E /* Release */,
			);
			defaultConfigurationIsVisible = 0;
			defaultConfigurationName = Release;
		};
		688B0D3B2A341E7300D5F68E /* Build configuration list for PBXNativeTarget "GGPO" */ = {
			isa = XCConfigurationList;
			buildConfigurations = (
				688B0D3C2A341E7300D5F68E /* Debug */,
				688B0D3D2A341E7300D5F68E /* Release */,
			);
			defaultConfigurationIsVisible = 0;
			defaultConfigurationName = Release;
		};
		688B0D552A341E9E00D5F68E /* Build configuration list for PBXNativeTarget "widgetExtension" */ = {
			isa = XCConfigurationList;
			buildConfigurations = (
				688B0D562A341E9E00D5F68E /* Debug */,
				688B0D572A341E9E00D5F68E /* Release */,
			);
			defaultConfigurationIsVisible = 0;
			defaultConfigurationName = Release;
		};
		688B0D6D2A341EC100D5F68E /* Build configuration list for PBXNativeTarget "WidgetExtension" */ = {
			isa = XCConfigurationList;
			buildConfigurations = (
				688B0D6E2A341EC100D5F68E /* Debug */,
				688B0D6F2A341EC100D5F68E /* Release */,
			);
			defaultConfigurationIsVisible = 0;
			defaultConfigurationName = Release;
		};
/* End XCConfigurationList section */
	};
	rootObject = 688B0D232A341E7200D5F68E /* Project object */;
}
